// !$*UTF8*$!
{
	archiveVersion = 1;
	classes = {
	};
	objectVersion = 50;
	objects = {

/* Begin PBXBuildFile section */
		DDA2DB552497162900E5AFAC /* AppDelegate.swift in Sources */ = {isa = PBXBuildFile; fileRef = DDA2DB542497162900E5AFAC /* AppDelegate.swift */; };
		DDA2DB572497162900E5AFAC /* SceneDelegate.swift in Sources */ = {isa = PBXBuildFile; fileRef = DDA2DB562497162900E5AFAC /* SceneDelegate.swift */; };
		DDA2DB592497162900E5AFAC /* ViewController.swift in Sources */ = {isa = PBXBuildFile; fileRef = DDA2DB582497162900E5AFAC /* ViewController.swift */; };
		DDA2DB5C2497162900E5AFAC /* Main.storyboard in Resources */ = {isa = PBXBuildFile; fileRef = DDA2DB5A2497162900E5AFAC /* Main.storyboard */; };
		DDA2DB5E2497162B00E5AFAC /* Assets.xcassets in Resources */ = {isa = PBXBuildFile; fileRef = DDA2DB5D2497162B00E5AFAC /* Assets.xcassets */; };
		DDA2DB612497162B00E5AFAC /* LaunchScreen.storyboard in Resources */ = {isa = PBXBuildFile; fileRef = DDA2DB5F2497162B00E5AFAC /* LaunchScreen.storyboard */; };
/* End PBXBuildFile section */

/* Begin PBXFileReference section */
		DDA2DB512497162900E5AFAC /* dipStickSystem.app */ = {isa = PBXFileReference; explicitFileType = wrapper.application; includeInIndex = 0; path = dipStickSystem.app; sourceTree = BUILT_PRODUCTS_DIR; };
		DDA2DB542497162900E5AFAC /* AppDelegate.swift */ = {isa = PBXFileReference; lastKnownFileType = sourcecode.swift; path = AppDelegate.swift; sourceTree = "<group>"; };
		DDA2DB562497162900E5AFAC /* SceneDelegate.swift */ = {isa = PBXFileReference; lastKnownFileType = sourcecode.swift; path = SceneDelegate.swift; sourceTree = "<group>"; };
		DDA2DB582497162900E5AFAC /* ViewController.swift */ = {isa = PBXFileReference; lastKnownFileType = sourcecode.swift; path = ViewController.swift; sourceTree = "<group>"; };
		DDA2DB5B2497162900E5AFAC /* Base */ = {isa = PBXFileReference; lastKnownFileType = file.storyboard; name = Base; path = Base.lproj/Main.storyboard; sourceTree = "<group>"; };
		DDA2DB5D2497162B00E5AFAC /* Assets.xcassets */ = {isa = PBXFileReference; lastKnownFileType = folder.assetcatalog; path = Assets.xcassets; sourceTree = "<group>"; };
		DDA2DB602497162B00E5AFAC /* Base */ = {isa = PBXFileReference; lastKnownFileType = file.storyboard; name = Base; path = Base.lproj/LaunchScreen.storyboard; sourceTree = "<group>"; };
		DDA2DB622497162B00E5AFAC /* Info.plist */ = {isa = PBXFileReference; lastKnownFileType = text.plist.xml; path = Info.plist; sourceTree = "<group>"; };
/* End PBXFileReference section */

/* Begin PBXFrameworksBuildPhase section */
		DDA2DB4E2497162900E5AFAC /* Frameworks */ = {
			isa = PBXFrameworksBuildPhase;
			buildActionMask = 2147483647;
			files = (
			);
			runOnlyForDeploymentPostprocessing = 0;
		};
/* End PBXFrameworksBuildPhase section */

/* Begin PBXGroup section */
		DDA2DB482497162900E5AFAC = {
			isa = PBXGroup;
			children = (
				DDA2DB532497162900E5AFAC /* dipStickSystem */,
				DDA2DB522497162900E5AFAC /* Products */,
			);
			sourceTree = "<group>";
		};
		DDA2DB522497162900E5AFAC /* Products */ = {
			isa = PBXGroup;
			children = (
				DDA2DB512497162900E5AFAC /* dipStickSystem.app */,
			);
			name = Products;
			sourceTree = "<group>";
		};
		DDA2DB532497162900E5AFAC /* dipStickSystem */ = {
			isa = PBXGroup;
			children = (
				DDA2DB542497162900E5AFAC /* AppDelegate.swift */,
				DDA2DB562497162900E5AFAC /* SceneDelegate.swift */,
				DDA2DB582497162900E5AFAC /* ViewController.swift */,
				DDA2DB5A2497162900E5AFAC /* Main.storyboard */,
				DDA2DB5D2497162B00E5AFAC /* Assets.xcassets */,
				DDA2DB5F2497162B00E5AFAC /* LaunchScreen.storyboard */,
				DDA2DB622497162B00E5AFAC /* Info.plist */,
			);
			path = dipStickSystem;
			sourceTree = "<group>";
		};
/* End PBXGroup section */

/* Begin PBXNativeTarget section */
		DDA2DB502497162900E5AFAC /* dipStickSystem */ = {
			isa = PBXNativeTarget;
			buildConfigurationList = DDA2DB652497162B00E5AFAC /* Build configuration list for PBXNativeTarget "dipStickSystem" */;
			buildPhases = (
				DDA2DB4D2497162900E5AFAC /* Sources */,
				DDA2DB4E2497162900E5AFAC /* Frameworks */,
				DDA2DB4F2497162900E5AFAC /* Resources */,
			);
			buildRules = (
			);
			dependencies = (
			);
			name = dipStickSystem;
			productName = dipStickSystem;
			productReference = DDA2DB512497162900E5AFAC /* dipStickSystem.app */;
			productType = "com.apple.product-type.application";
		};
/* End PBXNativeTarget section */

/* Begin PBXProject section */
		DDA2DB492497162900E5AFAC /* Project object */ = {
			isa = PBXProject;
			attributes = {
				LastSwiftUpdateCheck = 1140;
				LastUpgradeCheck = 1140;
				ORGANIZATIONNAME = "旌榮 凌";
				TargetAttributes = {
					DDA2DB502497162900E5AFAC = {
						CreatedOnToolsVersion = 11.4;
					};
				};
			};
			buildConfigurationList = DDA2DB4C2497162900E5AFAC /* Build configuration list for PBXProject "dipStickSystem" */;
			compatibilityVersion = "Xcode 9.3";
			developmentRegion = en;
			hasScannedForEncodings = 0;
			knownRegions = (
				en,
				Base,
			);
			mainGroup = DDA2DB482497162900E5AFAC;
			productRefGroup = DDA2DB522497162900E5AFAC /* Products */;
			projectDirPath = "";
			projectRoot = "";
			targets = (
				DDA2DB502497162900E5AFAC /* dipStickSystem */,
			);
		};
/* End PBXProject section */

/* Begin PBXResourcesBuildPhase section */
		DDA2DB4F2497162900E5AFAC /* Resources */ = {
			isa = PBXResourcesBuildPhase;
			buildActionMask = 2147483647;
			files = (
				DDA2DB612497162B00E5AFAC /* LaunchScreen.storyboard in Resources */,
				DDA2DB5E2497162B00E5AFAC /* Assets.xcassets in Resources */,
				DDA2DB5C2497162900E5AFAC /* Main.storyboard in Resources */,
			);
			runOnlyForDeploymentPostprocessing = 0;
		};
/* End PBXResourcesBuildPhase section */

/* Begin PBXSourcesBuildPhase section */
		DDA2DB4D2497162900E5AFAC /* Sources */ = {
			isa = PBXSourcesBuildPhase;
			buildActionMask = 2147483647;
			files = (
				DDA2DB592497162900E5AFAC /* ViewController.swift in Sources */,
				DDA2DB552497162900E5AFAC /* AppDelegate.swift in Sources */,
				DDA2DB572497162900E5AFAC /* SceneDelegate.swift in Sources */,
			);
			runOnlyForDeploymentPostprocessing = 0;
		};
/* End PBXSourcesBuildPhase section */

/* Begin PBXVariantGroup section */
		DDA2DB5A2497162900E5AFAC /* Main.storyboard */ = {
			isa = PBXVariantGroup;
			children = (
				DDA2DB5B2497162900E5AFAC /* Base */,
			);
			name = Main.storyboard;
			sourceTree = "<group>";
		};
		DDA2DB5F2497162B00E5AFAC /* LaunchScreen.storyboard */ = {
			isa = PBXVariantGroup;
			children = (
				DDA2DB602497162B00E5AFAC /* Base */,
			);
			name = LaunchScreen.storyboard;
			sourceTree = "<group>";
		};
/* End PBXVariantGroup section */

/* Begin XCBuildConfiguration section */
		DDA2DB632497162B00E5AFAC /* Debug */ = {
			isa = XCBuildConfiguration;
			buildSettings = {
				ALWAYS_SEARCH_USER_PATHS = NO;
				CLANG_ANALYZER_NONNULL = YES;
				CLANG_ANALYZER_NUMBER_OBJECT_CONVERSION = YES_AGGRESSIVE;
				CLANG_CXX_LANGUAGE_STANDARD = "gnu++14";
				CLANG_CXX_LIBRARY = "libc++";
				CLANG_ENABLE_MODULES = YES;
				CLANG_ENABLE_OBJC_ARC = YES;
				CLANG_ENABLE_OBJC_WEAK = YES;
				CLANG_WARN_BLOCK_CAPTURE_AUTORELEASING = YES;
				CLANG_WARN_BOOL_CONVERSION = YES;
				CLANG_WARN_COMMA = YES;
				CLANG_WARN_CONSTANT_CONVERSION = YES;
				CLANG_WARN_DEPRECATED_OBJC_IMPLEMENTATIONS = YES;
				CLANG_WARN_DIRECT_OBJC_ISA_USAGE = YES_ERROR;
				CLANG_WARN_DOCUMENTATION_COMMENTS = YES;
				CLANG_WARN_EMPTY_BODY = YES;
				CLANG_WARN_ENUM_CONVERSION = YES;
				CLANG_WARN_INFINITE_RECURSION = YES;
				CLANG_WARN_INT_CONVERSION = YES;
				CLANG_WARN_NON_LITERAL_NULL_CONVERSION = YES;
				CLANG_WARN_OBJC_IMPLICIT_RETAIN_SELF = YES;
				CLANG_WARN_OBJC_LITERAL_CONVERSION = YES;
				CLANG_WARN_OBJC_ROOT_CLASS = YES_ERROR;
				CLANG_WARN_RANGE_LOOP_ANALYSIS = YES;
				CLANG_WARN_STRICT_PROTOTYPES = YES;
				CLANG_WARN_SUSPICIOUS_MOVE = YES;
				CLANG_WARN_UNGUARDED_AVAILABILITY = YES_AGGRESSIVE;
				CLANG_WARN_UNREACHABLE_CODE = YES;
				CLANG_WARN__DUPLICATE_METHOD_MATCH = YES;
				COPY_PHASE_STRIP = NO;
				DEBUG_INFORMATION_FORMAT = dwarf;
				ENABLE_STRICT_OBJC_MSGSEND = YES;
				ENABLE_TESTABILITY = YES;
				GCC_C_LANGUAGE_STANDARD = gnu11;
				GCC_DYNAMIC_NO_PIC = NO;
				GCC_NO_COMMON_BLOCKS = YES;
				GCC_OPTIMIZATION_LEVEL = 0;
				GCC_PREPROCESSOR_DEFINITIONS = (
					"DEBUG=1",
					"$(inherited)",
				);
				GCC_WARN_64_TO_32_BIT_CONVERSION = YES;
				GCC_WARN_ABOUT_RETURN_TYPE = YES_ERROR;
				GCC_WARN_UNDECLARED_SELECTOR = YES;
				GCC_WARN_UNINITIALIZED_AUTOS = YES_AGGRESSIVE;
				GCC_WARN_UNUSED_FUNCTION = YES;
				GCC_WARN_UNUSED_VARIABLE = YES;
				IPHONEOS_DEPLOYMENT_TARGET = 13.4;
				MTL_ENABLE_DEBUG_INFO = INCLUDE_SOURCE;
				MTL_FAST_MATH = YES;
				ONLY_ACTIVE_ARCH = YES;
				SDKROOT = iphoneos;
				SWIFT_ACTIVE_COMPILATION_CONDITIONS = DEBUG;
				SWIFT_OPTIMIZATION_LEVEL = "-Onone";
			};
			name = Debug;
		};
		DDA2DB642497162B00E5AFAC /* Release */ = {
			isa = XCBuildConfiguration;
			buildSettings = {
				ALWAYS_SEARCH_USER_PATHS = NO;
				CLANG_ANALYZER_NONNULL = YES;
				CLANG_ANALYZER_NUMBER_OBJECT_CONVERSION = YES_AGGRESSIVE;
				CLANG_CXX_LANGUAGE_STANDARD = "gnu++14";
				CLANG_CXX_LIBRARY = "libc++";
				CLANG_ENABLE_MODULES = YES;
				CLANG_ENABLE_OBJC_ARC = YES;
				CLANG_ENABLE_OBJC_WEAK = YES;
				CLANG_WARN_BLOCK_CAPTURE_AUTORELEASING = YES;
				CLANG_WARN_BOOL_CONVERSION = YES;
				CLANG_WARN_COMMA = YES;
				CLANG_WARN_CONSTANT_CONVERSION = YES;
				CLANG_WARN_DEPRECATED_OBJC_IMPLEMENTATIONS = YES;
				CLANG_WARN_DIRECT_OBJC_ISA_USAGE = YES_ERROR;
				CLANG_WARN_DOCUMENTATION_COMMENTS = YES;
				CLANG_WARN_EMPTY_BODY = YES;
				CLANG_WARN_ENUM_CONVERSION = YES;
				CLANG_WARN_INFINITE_RECURSION = YES;
				CLANG_WARN_INT_CONVERSION = YES;
				CLANG_WARN_NON_LITERAL_NULL_CONVERSION = YES;
				CLANG_WARN_OBJC_IMPLICIT_RETAIN_SELF = YES;
				CLANG_WARN_OBJC_LITERAL_CONVERSION = YES;
				CLANG_WARN_OBJC_ROOT_CLASS = YES_ERROR;
				CLANG_WARN_RANGE_LOOP_ANALYSIS = YES;
				CLANG_WARN_STRICT_PROTOTYPES = YES;
				CLANG_WARN_SUSPICIOUS_MOVE = YES;
				CLANG_WARN_UNGUARDED_AVAILABILITY = YES_AGGRESSIVE;
				CLANG_WARN_UNREACHABLE_CODE = YES;
				CLANG_WARN__DUPLICATE_METHOD_MATCH = YES;
				COPY_PHASE_STRIP = NO;
				DEBUG_INFORMATION_FORMAT = "dwarf-with-dsym";
				ENABLE_NS_ASSERTIONS = NO;
				ENABLE_STRICT_OBJC_MSGSEND = YES;
				GCC_C_LANGUAGE_STANDARD = gnu11;
				GCC_NO_COMMON_BLOCKS = YES;
				GCC_WARN_64_TO_32_BIT_CONVERSION = YES;
				GCC_WARN_ABOUT_RETURN_TYPE = YES_ERROR;
				GCC_WARN_UNDECLARED_SELECTOR = YES;
				GCC_WARN_UNINITIALIZED_AUTOS = YES_AGGRESSIVE;
				GCC_WARN_UNUSED_FUNCTION = YES;
				GCC_WARN_UNUSED_VARIABLE = YES;
				IPHONEOS_DEPLOYMENT_TARGET = 13.4;
				MTL_ENABLE_DEBUG_INFO = NO;
				MTL_FAST_MATH = YES;
				SDKROOT = iphoneos;
				SWIFT_COMPILATION_MODE = wholemodule;
				SWIFT_OPTIMIZATION_LEVEL = "-O";
				VALIDATE_PRODUCT = YES;
			};
			name = Release;
		};
		DDA2DB662497162B00E5AFAC /* Debug */ = {
			isa = XCBuildConfiguration;
			buildSettings = {
				ASSETCATALOG_COMPILER_APPICON_NAME = AppIcon;
				CODE_SIGN_STYLE = Automatic;
				DEVELOPMENT_TEAM = 75Z834AYX6;
				INFOPLIST_FILE = dipStickSystem/Info.plist;
				LD_RUNPATH_SEARCH_PATHS = (
					"$(inherited)",
					"@executable_path/Frameworks",
				);
				PRODUCT_BUNDLE_IDENTIFIER = own.dipStickSystem;
				PRODUCT_NAME = "$(TARGET_NAME)";
				SWIFT_VERSION = 5.0;
				TARGETED_DEVICE_FAMILY = "1,2";
			};
			name = Debug;
		};
		DDA2DB672497162B00E5AFAC /* Release */ = {
			isa = XCBuildConfiguration;
			buildSettings = {
				ASSETCATALOG_COMPILER_APPICON_NAME = AppIcon;
				CODE_SIGN_STYLE = Automatic;
				DEVELOPMENT_TEAM = 75Z834AYX6;
				INFOPLIST_FILE = dipStickSystem/Info.plist;
				LD_RUNPATH_SEARCH_PATHS = (
					"$(inherited)",
					"@executable_path/Frameworks",
				);
				PRODUCT_BUNDLE_IDENTIFIER = own.dipStickSystem;
				PRODUCT_NAME = "$(TARGET_NAME)";
				SWIFT_VERSION = 5.0;
				TARGETED_DEVICE_FAMILY = "1,2";
			};
			name = Release;
		};
/* End XCBuildConfiguration section */

/* Begin XCConfigurationList section */
		DDA2DB4C2497162900E5AFAC /* Build configuration list for PBXProject "dipStickSystem" */ = {
			isa = XCConfigurationList;
			buildConfigurations = (
				DDA2DB632497162B00E5AFAC /* Debug */,
				DDA2DB642497162B00E5AFAC /* Release */,
			);
			defaultConfigurationIsVisible = 0;
			defaultConfigurationName = Release;
		};
		DDA2DB652497162B00E5AFAC /* Build configuration list for PBXNativeTarget "dipStickSystem" */ = {
			isa = XCConfigurationList;
			buildConfigurations = (
				DDA2DB662497162B00E5AFAC /* Debug */,
				DDA2DB672497162B00E5AFAC /* Release */,
			);
			defaultConfigurationIsVisible = 0;
			defaultConfigurationName = Release;
		};
/* End XCConfigurationList section */
	};
	rootObject = DDA2DB492497162900E5AFAC /* Project object */;
}
